
Microsoft Visual Studio Solution File, Format Version 12.00
# Visual Studio 2012
Project("{FAE04EC0-301F-11D3-BF4B-00C04F79EFBC}") = "extstudy-webform", "extstudy-webform\extstudy-webform.csproj", "{0AB276EF-DD3E-4CCF-A30C-BB0E6C6AC080}"
EndProject
Global
	GlobalSection(SolutionConfigurationPlatforms) = preSolution
		Debug|Any CPU = Debug|Any CPU
		Release|Any CPU = Release|Any CPU
	EndGlobalSection
	GlobalSection(ProjectConfigurationPlatforms) = postSolution
		{0AB276EF-DD3E-4CCF-A30C-BB0E6C6AC080}.Debug|Any CPU.ActiveCfg = Debug|Any CPU
		{0AB276EF-DD3E-4CCF-A30C-BB0E6C6AC080}.Debug|Any CPU.Build.0 = Debug|Any CPU
		{0AB276EF-DD3E-4CCF-A30C-BB0E6C6AC080}.Release|Any CPU.ActiveCfg = Release|Any CPU
		{0AB276EF-DD3E-4CCF-A30C-BB0E6C6AC080}.Release|Any CPU.Build.0 = Release|Any CPU
	EndGlobalSection
	GlobalSection(SolutionProperties) = preSolution
		HideSolutionNode = FALSE
	EndGlobalSection
EndGlobal
